
Microsoft Visual Studio Solution File, Format Version 12.00
# Visual Studio 15
VisualStudioVersion = 15.0.26730.16
MinimumVisualStudioVersion = 10.0.40219.1
Project("{FAE04EC0-301F-11D3-BF4B-00C04F79EFBC}") = "PaginaPrincipal", "PaginaPrincipal\PaginaPrincipal.csproj", "{53042222-0403-4BC6-B942-FD126C1AB117}"
EndProject
Project("{FAE04EC0-301F-11D3-BF4B-00C04F79EFBC}") = "ConexioBBDD", "ConexioBBDD\ConexioBBDD.csproj", "{384145E7-5B9B-43CB-92B0-D8BE9B92FDE8}"
EndProject
Project("{FAE04EC0-301F-11D3-BF4B-00C04F79EFBC}") = "TemplateForm", "TemplateForm\TemplateForm.csproj", "{94F175C3-5354-4929-A1AA-55D098AB91CC}"
EndProject
Project("{FAE04EC0-301F-11D3-BF4B-00C04F79EFBC}") = "LabFarm", "LabFarm\LabFarm.csproj", "{1F89A881-EC94-46D3-A799-69A37CE4F4E5}"
EndProject
Project("{FAE04EC0-301F-11D3-BF4B-00C04F79EFBC}") = "BaseForm", "BaseForm\BaseForm.csproj", "{CF89EA7D-D834-4CB1-8888-E9C0FB24EE7F}"
EndProject
Project("{FAE04EC0-301F-11D3-BF4B-00C04F79EFBC}") = "CustomControl", "CustomControl\CustomControl.csproj", "{A7279E0E-D844-4CC7-99DA-9939EAA74818}"
EndProject
Project("{FAE04EC0-301F-11D3-BF4B-00C04F79EFBC}") = "MantenimentProductes", "Manteniment_Productes\MantenimentProductes.csproj", "{4EEE1884-5464-4929-82D6-B25AF0F4F8A6}"
EndProject
Project("{FAE04EC0-301F-11D3-BF4B-00C04F79EFBC}") = "MantenimentPrincipisActius", "MantenimentPrincipisActius\MantenimentPrincipisActius.csproj", "{C27E3BDF-3314-4F3F-BBDF-3F9883848A22}"
EndProject
Project("{FAE04EC0-301F-11D3-BF4B-00C04F79EFBC}") = "MantenimentPersonal", "Personal\MantenimentPersonal.csproj", "{8600272C-FEEC-406B-9265-015A38E5A713}"
EndProject
Project("{FAE04EC0-301F-11D3-BF4B-00C04F79EFBC}") = "Clients", "Clients\Clients.csproj", "{4EE18824-2E1E-4AB9-8692-18FDEEF27E4C}"
EndProject
Project("{FAE04EC0-301F-11D3-BF4B-00C04F79EFBC}") = "Ventas", "Ventas\Ventas.csproj", "{83D6B0EA-94C7-421B-9E54-ECCD7F945818}"
EndProject
Project("{FAE04EC0-301F-11D3-BF4B-00C04F79EFBC}") = "CarregarDades", "CarregarDades\CarregarDades.csproj", "{DEC0FAE3-0436-4EB5-A41C-A1C90F963A65}"
EndProject
Project("{54435603-DBB4-11D2-8724-00A0C9A8B90C}") = "setup_project", "setup_project\setup_project.vdproj", "{BD876969-CFD3-42A3-8641-43C87A670B19}"
EndProject
Global
	GlobalSection(SolutionConfigurationPlatforms) = preSolution
		Debug|Any CPU = Debug|Any CPU
		Debug|ARM = Debug|ARM
		Debug|x64 = Debug|x64
		Debug|x86 = Debug|x86
		Release|Any CPU = Release|Any CPU
		Release|ARM = Release|ARM
		Release|x64 = Release|x64
		Release|x86 = Release|x86
	EndGlobalSection
	GlobalSection(ProjectConfigurationPlatforms) = postSolution
		{53042222-0403-4BC6-B942-FD126C1AB117}.Debug|Any CPU.ActiveCfg = Debug|Any CPU
		{53042222-0403-4BC6-B942-FD126C1AB117}.Debug|Any CPU.Build.0 = Debug|Any CPU
		{53042222-0403-4BC6-B942-FD126C1AB117}.Debug|ARM.ActiveCfg = Debug|Any CPU
		{53042222-0403-4BC6-B942-FD126C1AB117}.Debug|ARM.Build.0 = Debug|Any CPU
		{53042222-0403-4BC6-B942-FD126C1AB117}.Debug|x64.ActiveCfg = Debug|Any CPU
		{53042222-0403-4BC6-B942-FD126C1AB117}.Debug|x64.Build.0 = Debug|Any CPU
		{53042222-0403-4BC6-B942-FD126C1AB117}.Debug|x86.ActiveCfg = Debug|Any CPU
		{53042222-0403-4BC6-B942-FD126C1AB117}.Debug|x86.Build.0 = Debug|Any CPU
		{53042222-0403-4BC6-B942-FD126C1AB117}.Release|Any CPU.ActiveCfg = Release|Any CPU
		{53042222-0403-4BC6-B942-FD126C1AB117}.Release|Any CPU.Build.0 = Release|Any CPU
		{53042222-0403-4BC6-B942-FD126C1AB117}.Release|ARM.ActiveCfg = Release|Any CPU
		{53042222-0403-4BC6-B942-FD126C1AB117}.Release|ARM.Build.0 = Release|Any CPU
		{53042222-0403-4BC6-B942-FD126C1AB117}.Release|x64.ActiveCfg = Release|Any CPU
		{53042222-0403-4BC6-B942-FD126C1AB117}.Release|x64.Build.0 = Release|Any CPU
		{53042222-0403-4BC6-B942-FD126C1AB117}.Release|x86.ActiveCfg = Release|Any CPU
		{53042222-0403-4BC6-B942-FD126C1AB117}.Release|x86.Build.0 = Release|Any CPU
		{384145E7-5B9B-43CB-92B0-D8BE9B92FDE8}.Debug|Any CPU.ActiveCfg = Debug|Any CPU
		{384145E7-5B9B-43CB-92B0-D8BE9B92FDE8}.Debug|Any CPU.Build.0 = Debug|Any CPU
		{384145E7-5B9B-43CB-92B0-D8BE9B92FDE8}.Debug|ARM.ActiveCfg = Debug|Any CPU
		{384145E7-5B9B-43CB-92B0-D8BE9B92FDE8}.Debug|ARM.Build.0 = Debug|Any CPU
		{384145E7-5B9B-43CB-92B0-D8BE9B92FDE8}.Debug|x64.ActiveCfg = Debug|Any CPU
		{384145E7-5B9B-43CB-92B0-D8BE9B92FDE8}.Debug|x64.Build.0 = Debug|Any CPU
		{384145E7-5B9B-43CB-92B0-D8BE9B92FDE8}.Debug|x86.ActiveCfg = Debug|Any CPU
		{384145E7-5B9B-43CB-92B0-D8BE9B92FDE8}.Debug|x86.Build.0 = Debug|Any CPU
		{384145E7-5B9B-43CB-92B0-D8BE9B92FDE8}.Release|Any CPU.ActiveCfg = Release|Any CPU
		{384145E7-5B9B-43CB-92B0-D8BE9B92FDE8}.Release|Any CPU.Build.0 = Release|Any CPU
		{384145E7-5B9B-43CB-92B0-D8BE9B92FDE8}.Release|ARM.ActiveCfg = Release|Any CPU
		{384145E7-5B9B-43CB-92B0-D8BE9B92FDE8}.Release|ARM.Build.0 = Release|Any CPU
		{384145E7-5B9B-43CB-92B0-D8BE9B92FDE8}.Release|x64.ActiveCfg = Release|Any CPU
		{384145E7-5B9B-43CB-92B0-D8BE9B92FDE8}.Release|x64.Build.0 = Release|Any CPU
		{384145E7-5B9B-43CB-92B0-D8BE9B92FDE8}.Release|x86.ActiveCfg = Release|Any CPU
		{384145E7-5B9B-43CB-92B0-D8BE9B92FDE8}.Release|x86.Build.0 = Release|Any CPU
		{94F175C3-5354-4929-A1AA-55D098AB91CC}.Debug|Any CPU.ActiveCfg = Debug|Any CPU
		{94F175C3-5354-4929-A1AA-55D098AB91CC}.Debug|Any CPU.Build.0 = Debug|Any CPU
		{94F175C3-5354-4929-A1AA-55D098AB91CC}.Debug|ARM.ActiveCfg = Debug|Any CPU
		{94F175C3-5354-4929-A1AA-55D098AB91CC}.Debug|ARM.Build.0 = Debug|Any CPU
		{94F175C3-5354-4929-A1AA-55D098AB91CC}.Debug|x64.ActiveCfg = Debug|Any CPU
		{94F175C3-5354-4929-A1AA-55D098AB91CC}.Debug|x64.Build.0 = Debug|Any CPU
		{94F175C3-5354-4929-A1AA-55D098AB91CC}.Debug|x86.ActiveCfg = Debug|Any CPU
		{94F175C3-5354-4929-A1AA-55D098AB91CC}.Debug|x86.Build.0 = Debug|Any CPU
		{94F175C3-5354-4929-A1AA-55D098AB91CC}.Release|Any CPU.ActiveCfg = Release|Any CPU
		{94F175C3-5354-4929-A1AA-55D098AB91CC}.Release|Any CPU.Build.0 = Release|Any CPU
		{94F175C3-5354-4929-A1AA-55D098AB91CC}.Release|ARM.ActiveCfg = Release|Any CPU
		{94F175C3-5354-4929-A1AA-55D098AB91CC}.Release|ARM.Build.0 = Release|Any CPU
		{94F175C3-5354-4929-A1AA-55D098AB91CC}.Release|x64.ActiveCfg = Release|Any CPU
		{94F175C3-5354-4929-A1AA-55D098AB91CC}.Release|x64.Build.0 = Release|Any CPU
		{94F175C3-5354-4929-A1AA-55D098AB91CC}.Release|x86.ActiveCfg = Release|Any CPU
		{94F175C3-5354-4929-A1AA-55D098AB91CC}.Release|x86.Build.0 = Release|Any CPU
		{1F89A881-EC94-46D3-A799-69A37CE4F4E5}.Debug|Any CPU.ActiveCfg = Debug|Any CPU
		{1F89A881-EC94-46D3-A799-69A37CE4F4E5}.Debug|Any CPU.Build.0 = Debug|Any CPU
		{1F89A881-EC94-46D3-A799-69A37CE4F4E5}.Debug|ARM.ActiveCfg = Debug|Any CPU
		{1F89A881-EC94-46D3-A799-69A37CE4F4E5}.Debug|ARM.Build.0 = Debug|Any CPU
		{1F89A881-EC94-46D3-A799-69A37CE4F4E5}.Debug|x64.ActiveCfg = Debug|Any CPU
		{1F89A881-EC94-46D3-A799-69A37CE4F4E5}.Debug|x64.Build.0 = Debug|Any CPU
		{1F89A881-EC94-46D3-A799-69A37CE4F4E5}.Debug|x86.ActiveCfg = Debug|Any CPU
		{1F89A881-EC94-46D3-A799-69A37CE4F4E5}.Debug|x86.Build.0 = Debug|Any CPU
		{1F89A881-EC94-46D3-A799-69A37CE4F4E5}.Release|Any CPU.ActiveCfg = Release|Any CPU
		{1F89A881-EC94-46D3-A799-69A37CE4F4E5}.Release|Any CPU.Build.0 = Release|Any CPU
		{1F89A881-EC94-46D3-A799-69A37CE4F4E5}.Release|ARM.ActiveCfg = Release|Any CPU
		{1F89A881-EC94-46D3-A799-69A37CE4F4E5}.Release|ARM.Build.0 = Release|Any CPU
		{1F89A881-EC94-46D3-A799-69A37CE4F4E5}.Release|x64.ActiveCfg = Release|Any CPU
		{1F89A881-EC94-46D3-A799-69A37CE4F4E5}.Release|x64.Build.0 = Release|Any CPU
		{1F89A881-EC94-46D3-A799-69A37CE4F4E5}.Release|x86.ActiveCfg = Release|Any CPU
		{1F89A881-EC94-46D3-A799-69A37CE4F4E5}.Release|x86.Build.0 = Release|Any CPU
		{CF89EA7D-D834-4CB1-8888-E9C0FB24EE7F}.Debug|Any CPU.ActiveCfg = Debug|Any CPU
		{CF89EA7D-D834-4CB1-8888-E9C0FB24EE7F}.Debug|Any CPU.Build.0 = Debug|Any CPU
		{CF89EA7D-D834-4CB1-8888-E9C0FB24EE7F}.Debug|ARM.ActiveCfg = Debug|Any CPU
		{CF89EA7D-D834-4CB1-8888-E9C0FB24EE7F}.Debug|ARM.Build.0 = Debug|Any CPU
		{CF89EA7D-D834-4CB1-8888-E9C0FB24EE7F}.Debug|x64.ActiveCfg = Debug|Any CPU
		{CF89EA7D-D834-4CB1-8888-E9C0FB24EE7F}.Debug|x64.Build.0 = Debug|Any CPU
		{CF89EA7D-D834-4CB1-8888-E9C0FB24EE7F}.Debug|x86.ActiveCfg = Debug|Any CPU
		{CF89EA7D-D834-4CB1-8888-E9C0FB24EE7F}.Debug|x86.Build.0 = Debug|Any CPU
		{CF89EA7D-D834-4CB1-8888-E9C0FB24EE7F}.Release|Any CPU.ActiveCfg = Release|Any CPU
		{CF89EA7D-D834-4CB1-8888-E9C0FB24EE7F}.Release|Any CPU.Build.0 = Release|Any CPU
		{CF89EA7D-D834-4CB1-8888-E9C0FB24EE7F}.Release|ARM.ActiveCfg = Release|Any CPU
		{CF89EA7D-D834-4CB1-8888-E9C0FB24EE7F}.Release|ARM.Build.0 = Release|Any CPU
		{CF89EA7D-D834-4CB1-8888-E9C0FB24EE7F}.Release|x64.ActiveCfg = Release|Any CPU
		{CF89EA7D-D834-4CB1-8888-E9C0FB24EE7F}.Release|x64.Build.0 = Release|Any CPU
		{CF89EA7D-D834-4CB1-8888-E9C0FB24EE7F}.Release|x86.ActiveCfg = Release|Any CPU
		{CF89EA7D-D834-4CB1-8888-E9C0FB24EE7F}.Release|x86.Build.0 = Release|Any CPU
		{A7279E0E-D844-4CC7-99DA-9939EAA74818}.Debug|Any CPU.ActiveCfg = Debug|Any CPU
		{A7279E0E-D844-4CC7-99DA-9939EAA74818}.Debug|Any CPU.Build.0 = Debug|Any CPU
		{A7279E0E-D844-4CC7-99DA-9939EAA74818}.Debug|ARM.ActiveCfg = Debug|Any CPU
		{A7279E0E-D844-4CC7-99DA-9939EAA74818}.Debug|ARM.Build.0 = Debug|Any CPU
		{A7279E0E-D844-4CC7-99DA-9939EAA74818}.Debug|x64.ActiveCfg = Debug|Any CPU
		{A7279E0E-D844-4CC7-99DA-9939EAA74818}.Debug|x64.Build.0 = Debug|Any CPU
		{A7279E0E-D844-4CC7-99DA-9939EAA74818}.Debug|x86.ActiveCfg = Debug|Any CPU
		{A7279E0E-D844-4CC7-99DA-9939EAA74818}.Debug|x86.Build.0 = Debug|Any CPU
		{A7279E0E-D844-4CC7-99DA-9939EAA74818}.Release|Any CPU.ActiveCfg = Release|Any CPU
		{A7279E0E-D844-4CC7-99DA-9939EAA74818}.Release|Any CPU.Build.0 = Release|Any CPU
		{A7279E0E-D844-4CC7-99DA-9939EAA74818}.Release|ARM.ActiveCfg = Release|Any CPU
		{A7279E0E-D844-4CC7-99DA-9939EAA74818}.Release|ARM.Build.0 = Release|Any CPU
		{A7279E0E-D844-4CC7-99DA-9939EAA74818}.Release|x64.ActiveCfg = Release|Any CPU
		{A7279E0E-D844-4CC7-99DA-9939EAA74818}.Release|x64.Build.0 = Release|Any CPU
		{A7279E0E-D844-4CC7-99DA-9939EAA74818}.Release|x86.ActiveCfg = Release|Any CPU
		{A7279E0E-D844-4CC7-99DA-9939EAA74818}.Release|x86.Build.0 = Release|Any CPU
		{4EEE1884-5464-4929-82D6-B25AF0F4F8A6}.Debug|Any CPU.ActiveCfg = Debug|Any CPU
		{4EEE1884-5464-4929-82D6-B25AF0F4F8A6}.Debug|Any CPU.Build.0 = Debug|Any CPU
		{4EEE1884-5464-4929-82D6-B25AF0F4F8A6}.Debug|ARM.ActiveCfg = Debug|Any CPU
		{4EEE1884-5464-4929-82D6-B25AF0F4F8A6}.Debug|ARM.Build.0 = Debug|Any CPU
		{4EEE1884-5464-4929-82D6-B25AF0F4F8A6}.Debug|x64.ActiveCfg = Debug|Any CPU
		{4EEE1884-5464-4929-82D6-B25AF0F4F8A6}.Debug|x64.Build.0 = Debug|Any CPU
		{4EEE1884-5464-4929-82D6-B25AF0F4F8A6}.Debug|x86.ActiveCfg = Debug|Any CPU
		{4EEE1884-5464-4929-82D6-B25AF0F4F8A6}.Debug|x86.Build.0 = Debug|Any CPU
		{4EEE1884-5464-4929-82D6-B25AF0F4F8A6}.Release|Any CPU.ActiveCfg = Release|Any CPU
		{4EEE1884-5464-4929-82D6-B25AF0F4F8A6}.Release|Any CPU.Build.0 = Release|Any CPU
		{4EEE1884-5464-4929-82D6-B25AF0F4F8A6}.Release|ARM.ActiveCfg = Release|Any CPU
		{4EEE1884-5464-4929-82D6-B25AF0F4F8A6}.Release|ARM.Build.0 = Release|Any CPU
		{4EEE1884-5464-4929-82D6-B25AF0F4F8A6}.Release|x64.ActiveCfg = Release|Any CPU
		{4EEE1884-5464-4929-82D6-B25AF0F4F8A6}.Release|x64.Build.0 = Release|Any CPU
		{4EEE1884-5464-4929-82D6-B25AF0F4F8A6}.Release|x86.ActiveCfg = Release|Any CPU
		{4EEE1884-5464-4929-82D6-B25AF0F4F8A6}.Release|x86.Build.0 = Release|Any CPU
		{C27E3BDF-3314-4F3F-BBDF-3F9883848A22}.Debug|Any CPU.ActiveCfg = Debug|Any CPU
		{C27E3BDF-3314-4F3F-BBDF-3F9883848A22}.Debug|Any CPU.Build.0 = Debug|Any CPU
		{C27E3BDF-3314-4F3F-BBDF-3F9883848A22}.Debug|ARM.ActiveCfg = Debug|Any CPU
		{C27E3BDF-3314-4F3F-BBDF-3F9883848A22}.Debug|ARM.Build.0 = Debug|Any CPU
		{C27E3BDF-3314-4F3F-BBDF-3F9883848A22}.Debug|x64.ActiveCfg = Debug|Any CPU
		{C27E3BDF-3314-4F3F-BBDF-3F9883848A22}.Debug|x64.Build.0 = Debug|Any CPU
		{C27E3BDF-3314-4F3F-BBDF-3F9883848A22}.Debug|x86.ActiveCfg = Debug|Any CPU
		{C27E3BDF-3314-4F3F-BBDF-3F9883848A22}.Debug|x86.Build.0 = Debug|Any CPU
		{C27E3BDF-3314-4F3F-BBDF-3F9883848A22}.Release|Any CPU.ActiveCfg = Release|Any CPU
		{C27E3BDF-3314-4F3F-BBDF-3F9883848A22}.Release|Any CPU.Build.0 = Release|Any CPU
		{C27E3BDF-3314-4F3F-BBDF-3F9883848A22}.Release|ARM.ActiveCfg = Release|Any CPU
		{C27E3BDF-3314-4F3F-BBDF-3F9883848A22}.Release|ARM.Build.0 = Release|Any CPU
		{C27E3BDF-3314-4F3F-BBDF-3F9883848A22}.Release|x64.ActiveCfg = Release|Any CPU
		{C27E3BDF-3314-4F3F-BBDF-3F9883848A22}.Release|x64.Build.0 = Release|Any CPU
		{C27E3BDF-3314-4F3F-BBDF-3F9883848A22}.Release|x86.ActiveCfg = Release|Any CPU
		{C27E3BDF-3314-4F3F-BBDF-3F9883848A22}.Release|x86.Build.0 = Release|Any CPU
		{8600272C-FEEC-406B-9265-015A38E5A713}.Debug|Any CPU.ActiveCfg = Debug|Any CPU
		{8600272C-FEEC-406B-9265-015A38E5A713}.Debug|Any CPU.Build.0 = Debug|Any CPU
		{8600272C-FEEC-406B-9265-015A38E5A713}.Debug|ARM.ActiveCfg = Debug|Any CPU
		{8600272C-FEEC-406B-9265-015A38E5A713}.Debug|ARM.Build.0 = Debug|Any CPU
		{8600272C-FEEC-406B-9265-015A38E5A713}.Debug|x64.ActiveCfg = Debug|Any CPU
		{8600272C-FEEC-406B-9265-015A38E5A713}.Debug|x64.Build.0 = Debug|Any CPU
		{8600272C-FEEC-406B-9265-015A38E5A713}.Debug|x86.ActiveCfg = Debug|Any CPU
		{8600272C-FEEC-406B-9265-015A38E5A713}.Debug|x86.Build.0 = Debug|Any CPU
		{8600272C-FEEC-406B-9265-015A38E5A713}.Release|Any CPU.ActiveCfg = Release|Any CPU
		{8600272C-FEEC-406B-9265-015A38E5A713}.Release|Any CPU.Build.0 = Release|Any CPU
		{8600272C-FEEC-406B-9265-015A38E5A713}.Release|ARM.ActiveCfg = Release|Any CPU
		{8600272C-FEEC-406B-9265-015A38E5A713}.Release|ARM.Build.0 = Release|Any CPU
		{8600272C-FEEC-406B-9265-015A38E5A713}.Release|x64.ActiveCfg = Release|Any CPU
		{8600272C-FEEC-406B-9265-015A38E5A713}.Release|x64.Build.0 = Release|Any CPU
		{8600272C-FEEC-406B-9265-015A38E5A713}.Release|x86.ActiveCfg = Release|Any CPU
		{8600272C-FEEC-406B-9265-015A38E5A713}.Release|x86.Build.0 = Release|Any CPU
		{4EE18824-2E1E-4AB9-8692-18FDEEF27E4C}.Debug|Any CPU.ActiveCfg = Debug|Any CPU
		{4EE18824-2E1E-4AB9-8692-18FDEEF27E4C}.Debug|Any CPU.Build.0 = Debug|Any CPU
		{4EE18824-2E1E-4AB9-8692-18FDEEF27E4C}.Debug|ARM.ActiveCfg = Debug|Any CPU
		{4EE18824-2E1E-4AB9-8692-18FDEEF27E4C}.Debug|ARM.Build.0 = Debug|Any CPU
		{4EE18824-2E1E-4AB9-8692-18FDEEF27E4C}.Debug|x64.ActiveCfg = Debug|Any CPU
		{4EE18824-2E1E-4AB9-8692-18FDEEF27E4C}.Debug|x64.Build.0 = Debug|Any CPU
		{4EE18824-2E1E-4AB9-8692-18FDEEF27E4C}.Debug|x86.ActiveCfg = Debug|Any CPU
		{4EE18824-2E1E-4AB9-8692-18FDEEF27E4C}.Debug|x86.Build.0 = Debug|Any CPU
		{4EE18824-2E1E-4AB9-8692-18FDEEF27E4C}.Release|Any CPU.ActiveCfg = Release|Any CPU
		{4EE18824-2E1E-4AB9-8692-18FDEEF27E4C}.Release|Any CPU.Build.0 = Release|Any CPU
		{4EE18824-2E1E-4AB9-8692-18FDEEF27E4C}.Release|ARM.ActiveCfg = Release|Any CPU
		{4EE18824-2E1E-4AB9-8692-18FDEEF27E4C}.Release|ARM.Build.0 = Release|Any CPU
		{4EE18824-2E1E-4AB9-8692-18FDEEF27E4C}.Release|x64.ActiveCfg = Release|Any CPU
		{4EE18824-2E1E-4AB9-8692-18FDEEF27E4C}.Release|x64.Build.0 = Release|Any CPU
		{4EE18824-2E1E-4AB9-8692-18FDEEF27E4C}.Release|x86.ActiveCfg = Release|Any CPU
		{4EE18824-2E1E-4AB9-8692-18FDEEF27E4C}.Release|x86.Build.0 = Release|Any CPU
		{83D6B0EA-94C7-421B-9E54-ECCD7F945818}.Debug|Any CPU.ActiveCfg = Debug|Any CPU
		{83D6B0EA-94C7-421B-9E54-ECCD7F945818}.Debug|Any CPU.Build.0 = Debug|Any CPU
		{83D6B0EA-94C7-421B-9E54-ECCD7F945818}.Debug|ARM.ActiveCfg = Debug|Any CPU
		{83D6B0EA-94C7-421B-9E54-ECCD7F945818}.Debug|ARM.Build.0 = Debug|Any CPU
		{83D6B0EA-94C7-421B-9E54-ECCD7F945818}.Debug|x64.ActiveCfg = Debug|Any CPU
		{83D6B0EA-94C7-421B-9E54-ECCD7F945818}.Debug|x64.Build.0 = Debug|Any CPU
		{83D6B0EA-94C7-421B-9E54-ECCD7F945818}.Debug|x86.ActiveCfg = Debug|Any CPU
		{83D6B0EA-94C7-421B-9E54-ECCD7F945818}.Debug|x86.Build.0 = Debug|Any CPU
		{83D6B0EA-94C7-421B-9E54-ECCD7F945818}.Release|Any CPU.ActiveCfg = Release|Any CPU
		{83D6B0EA-94C7-421B-9E54-ECCD7F945818}.Release|Any CPU.Build.0 = Release|Any CPU
		{83D6B0EA-94C7-421B-9E54-ECCD7F945818}.Release|ARM.ActiveCfg = Release|Any CPU
		{83D6B0EA-94C7-421B-9E54-ECCD7F945818}.Release|ARM.Build.0 = Release|Any CPU
		{83D6B0EA-94C7-421B-9E54-ECCD7F945818}.Release|x64.ActiveCfg = Release|Any CPU
		{83D6B0EA-94C7-421B-9E54-ECCD7F945818}.Release|x64.Build.0 = Release|Any CPU
		{83D6B0EA-94C7-421B-9E54-ECCD7F945818}.Release|x86.ActiveCfg = Release|Any CPU
		{83D6B0EA-94C7-421B-9E54-ECCD7F945818}.Release|x86.Build.0 = Release|Any CPU
		{DEC0FAE3-0436-4EB5-A41C-A1C90F963A65}.Debug|Any CPU.ActiveCfg = Debug|Any CPU
		{DEC0FAE3-0436-4EB5-A41C-A1C90F963A65}.Debug|Any CPU.Build.0 = Debug|Any CPU
		{DEC0FAE3-0436-4EB5-A41C-A1C90F963A65}.Debug|ARM.ActiveCfg = Debug|Any CPU
		{DEC0FAE3-0436-4EB5-A41C-A1C90F963A65}.Debug|ARM.Build.0 = Debug|Any CPU
		{DEC0FAE3-0436-4EB5-A41C-A1C90F963A65}.Debug|x64.ActiveCfg = Debug|Any CPU
		{DEC0FAE3-0436-4EB5-A41C-A1C90F963A65}.Debug|x64.Build.0 = Debug|Any CPU
		{DEC0FAE3-0436-4EB5-A41C-A1C90F963A65}.Debug|x86.ActiveCfg = Debug|Any CPU
		{DEC0FAE3-0436-4EB5-A41C-A1C90F963A65}.Debug|x86.Build.0 = Debug|Any CPU
		{DEC0FAE3-0436-4EB5-A41C-A1C90F963A65}.Release|Any CPU.ActiveCfg = Release|Any CPU
		{DEC0FAE3-0436-4EB5-A41C-A1C90F963A65}.Release|Any CPU.Build.0 = Release|Any CPU
		{DEC0FAE3-0436-4EB5-A41C-A1C90F963A65}.Release|ARM.ActiveCfg = Release|Any CPU
		{DEC0FAE3-0436-4EB5-A41C-A1C90F963A65}.Release|ARM.Build.0 = Release|Any CPU
		{DEC0FAE3-0436-4EB5-A41C-A1C90F963A65}.Release|x64.ActiveCfg = Release|Any CPU
		{DEC0FAE3-0436-4EB5-A41C-A1C90F963A65}.Release|x64.Build.0 = Release|Any CPU
		{DEC0FAE3-0436-4EB5-A41C-A1C90F963A65}.Release|x86.ActiveCfg = Release|Any CPU
		{DEC0FAE3-0436-4EB5-A41C-A1C90F963A65}.Release|x86.Build.0 = Release|Any CPU
		{BD876969-CFD3-42A3-8641-43C87A670B19}.Debug|Any CPU.ActiveCfg = Debug
		{BD876969-CFD3-42A3-8641-43C87A670B19}.Debug|ARM.ActiveCfg = Debug
		{BD876969-CFD3-42A3-8641-43C87A670B19}.Debug|x64.ActiveCfg = Debug
		{BD876969-CFD3-42A3-8641-43C87A670B19}.Debug|x86.ActiveCfg = Debug
		{BD876969-CFD3-42A3-8641-43C87A670B19}.Release|Any CPU.ActiveCfg = Release
		{BD876969-CFD3-42A3-8641-43C87A670B19}.Release|ARM.ActiveCfg = Release
		{BD876969-CFD3-42A3-8641-43C87A670B19}.Release|x64.ActiveCfg = Release
		{BD876969-CFD3-42A3-8641-43C87A670B19}.Release|x86.ActiveCfg = Release
	EndGlobalSection
	GlobalSection(SolutionProperties) = preSolution
		HideSolutionNode = FALSE
	EndGlobalSection
	GlobalSection(ExtensibilityGlobals) = postSolution
		SolutionGuid = {C4E0FCCC-078E-40B2-9F8A-C1BA954E3834}
	EndGlobalSection
EndGlobal
